// !$*UTF8*$!
{
	archiveVersion = 1;
	classes = {
	};
	objectVersion = 50;
	objects = {

/* Begin PBXBuildFile section */
		501D648520E1189D00F79EF3 /* Image.xcassets in Resources */ = {isa = PBXBuildFile; fileRef = 501D648420E1189D00F79EF3 /* Image.xcassets */; };
		502C6F8420E5DB3B00BB6BC1 /* R+String.swift in Sources */ = {isa = PBXBuildFile; fileRef = 502C6F8320E5DB3B00BB6BC1 /* R+String.swift */; };
		502C6F8920E5DE9900BB6BC1 /* Localizable.strings in Resources */ = {isa = PBXBuildFile; fileRef = 502C6F8B20E5DE9900BB6BC1 /* Localizable.strings */; };
		50511BD020F6349400CBF73C /* R+Image.swift in Sources */ = {isa = PBXBuildFile; fileRef = 50511BCF20F6349400CBF73C /* R+Image.swift */; };
		50571CC320F61F19000312AC /* ControlPanelSpeakButton.swift in Sources */ = {isa = PBXBuildFile; fileRef = 50571CC220F61F19000312AC /* ControlPanelSpeakButton.swift */; };
		5066F14020EBA8FE00D9CE2B /* Log.swift in Sources */ = {isa = PBXBuildFile; fileRef = 5066F13F20EBA8FE00D9CE2B /* Log.swift */; };
		506F4A6A20DB1A0400D3EF77 /* DefaultSlide.pdf in Resources */ = {isa = PBXBuildFile; fileRef = 506F4A6920DB1A0400D3EF77 /* DefaultSlide.pdf */; };
		506F4A6C20DB1A4700D3EF77 /* R.swift in Sources */ = {isa = PBXBuildFile; fileRef = 506F4A6B20DB1A4700D3EF77 /* R.swift */; };
		506F4A6E20DB1A8500D3EF77 /* R+RawData.swift in Sources */ = {isa = PBXBuildFile; fileRef = 506F4A6D20DB1A8500D3EF77 /* R+RawData.swift */; };
		506F4A7120DE26A300D3EF77 /* ControlPanel.storyboard in Resources */ = {isa = PBXBuildFile; fileRef = 506F4A7020DE26A300D3EF77 /* ControlPanel.storyboard */; };
		506F4A7320DE276300D3EF77 /* ControlPanelViewController.swift in Sources */ = {isa = PBXBuildFile; fileRef = 506F4A7220DE276300D3EF77 /* ControlPanelViewController.swift */; };
		506F4A7920DF423A00D3EF77 /* Eventitic.framework in Frameworks */ = {isa = PBXBuildFile; fileRef = 506F4A7820DF423A00D3EF77 /* Eventitic.framework */; };
		509DF48A20D4AC4E002E5123 /* AppDelegate.swift in Sources */ = {isa = PBXBuildFile; fileRef = 509DF48920D4AC4E002E5123 /* AppDelegate.swift */; };
		509DF48C20D4AC4E002E5123 /* DocumentBrowserViewController.swift in Sources */ = {isa = PBXBuildFile; fileRef = 509DF48B20D4AC4E002E5123 /* DocumentBrowserViewController.swift */; };
		509DF48E20D4AC4E002E5123 /* EditorViewController.swift in Sources */ = {isa = PBXBuildFile; fileRef = 509DF48D20D4AC4E002E5123 /* EditorViewController.swift */; };
		509DF49020D4AC4E002E5123 /* Document.swift in Sources */ = {isa = PBXBuildFile; fileRef = 509DF48F20D4AC4E002E5123 /* Document.swift */; };
		509DF49320D4AC4E002E5123 /* DocumentBrowser.storyboard in Resources */ = {isa = PBXBuildFile; fileRef = 509DF49120D4AC4E002E5123 /* DocumentBrowser.storyboard */; };
		509DF49520D4AC50002E5123 /* Assets.xcassets in Resources */ = {isa = PBXBuildFile; fileRef = 509DF49420D4AC50002E5123 /* Assets.xcassets */; };
		509DF49820D4AC50002E5123 /* LaunchScreen.storyboard in Resources */ = {isa = PBXBuildFile; fileRef = 509DF49620D4AC50002E5123 /* LaunchScreen.storyboard */; };
		509DF4A020D4ECB7002E5123 /* Editor.storyboard in Resources */ = {isa = PBXBuildFile; fileRef = 509DF49F20D4ECB7002E5123 /* Editor.storyboard */; };
		509DF4A720D508D3002E5123 /* Player.storyboard in Resources */ = {isa = PBXBuildFile; fileRef = 509DF4A620D508D3002E5123 /* Player.storyboard */; };
		509DF4A920D508FB002E5123 /* PlayerViewController.swift in Sources */ = {isa = PBXBuildFile; fileRef = 509DF4A820D508FB002E5123 /* PlayerViewController.swift */; };
		50B8CFDA20D679EF001268F2 /* EditorSlideViewController.swift in Sources */ = {isa = PBXBuildFile; fileRef = 50B8CFD920D679EF001268F2 /* EditorSlideViewController.swift */; };
		50B8CFDC20D68316001268F2 /* EditorScenarioViewController.swift in Sources */ = {isa = PBXBuildFile; fileRef = 50B8CFDB20D68316001268F2 /* EditorScenarioViewController.swift */; };
		50E08D2D20F625A700017AC3 /* ControlPanelGroupView.swift in Sources */ = {isa = PBXBuildFile; fileRef = 50E08D2C20F625A700017AC3 /* ControlPanelGroupView.swift */; };
		50F2664B20D5320600E80C66 /* Scenario.swift in Sources */ = {isa = PBXBuildFile; fileRef = 50F2664A20D5320600E80C66 /* Scenario.swift */; };
		50F2664D20D5541100E80C66 /* ScenarioPlayer.swift in Sources */ = {isa = PBXBuildFile; fileRef = 50F2664C20D5541100E80C66 /* ScenarioPlayer.swift */; };
/* End PBXBuildFile section */

/* Begin PBXFileReference section */
		501D648420E1189D00F79EF3 /* Image.xcassets */ = {isa = PBXFileReference; lastKnownFileType = folder.assetcatalog; path = Image.xcassets; sourceTree = "<group>"; };
		502C6F8320E5DB3B00BB6BC1 /* R+String.swift */ = {isa = PBXFileReference; lastKnownFileType = sourcecode.swift; path = "R+String.swift"; sourceTree = "<group>"; };
		502C6F8520E5DBDA00BB6BC1 /* ja */ = {isa = PBXFileReference; lastKnownFileType = text.plist.strings; name = ja; path = ja.lproj/DocumentBrowser.strings; sourceTree = "<group>"; };
		502C6F8620E5DBDA00BB6BC1 /* ja */ = {isa = PBXFileReference; lastKnownFileType = text.plist.strings; name = ja; path = ja.lproj/LaunchScreen.strings; sourceTree = "<group>"; };
		502C6F8A20E5DE9900BB6BC1 /* ja */ = {isa = PBXFileReference; lastKnownFileType = text.plist.strings; name = ja; path = ja.lproj/Localizable.strings; sourceTree = "<group>"; };
		50511BCF20F6349400CBF73C /* R+Image.swift */ = {isa = PBXFileReference; lastKnownFileType = sourcecode.swift; path = "R+Image.swift"; sourceTree = "<group>"; };
		50571CC220F61F19000312AC /* ControlPanelSpeakButton.swift */ = {isa = PBXFileReference; lastKnownFileType = sourcecode.swift; path = ControlPanelSpeakButton.swift; sourceTree = "<group>"; };
		5066F13F20EBA8FE00D9CE2B /* Log.swift */ = {isa = PBXFileReference; lastKnownFileType = sourcecode.swift; path = Log.swift; sourceTree = "<group>"; };
		506F4A6920DB1A0400D3EF77 /* DefaultSlide.pdf */ = {isa = PBXFileReference; lastKnownFileType = image.pdf; path = DefaultSlide.pdf; sourceTree = "<group>"; };
		506F4A6B20DB1A4700D3EF77 /* R.swift */ = {isa = PBXFileReference; lastKnownFileType = sourcecode.swift; path = R.swift; sourceTree = "<group>"; };
		506F4A6D20DB1A8500D3EF77 /* R+RawData.swift */ = {isa = PBXFileReference; lastKnownFileType = sourcecode.swift; path = "R+RawData.swift"; sourceTree = "<group>"; };
		506F4A7020DE26A300D3EF77 /* ControlPanel.storyboard */ = {isa = PBXFileReference; lastKnownFileType = file.storyboard; path = ControlPanel.storyboard; sourceTree = "<group>"; };
		506F4A7220DE276300D3EF77 /* ControlPanelViewController.swift */ = {isa = PBXFileReference; lastKnownFileType = sourcecode.swift; path = ControlPanelViewController.swift; sourceTree = "<group>"; };
		506F4A7820DF423A00D3EF77 /* Eventitic.framework */ = {isa = PBXFileReference; lastKnownFileType = wrapper.framework; name = Eventitic.framework; path = Carthage/Build/iOS/Eventitic.framework; sourceTree = "<group>"; };
		509DF48620D4AC4E002E5123 /* MrHappyoI.app */ = {isa = PBXFileReference; explicitFileType = wrapper.application; includeInIndex = 0; path = MrHappyoI.app; sourceTree = BUILT_PRODUCTS_DIR; };
		509DF48920D4AC4E002E5123 /* AppDelegate.swift */ = {isa = PBXFileReference; lastKnownFileType = sourcecode.swift; path = AppDelegate.swift; sourceTree = "<group>"; };
		509DF48B20D4AC4E002E5123 /* DocumentBrowserViewController.swift */ = {isa = PBXFileReference; lastKnownFileType = sourcecode.swift; path = DocumentBrowserViewController.swift; sourceTree = "<group>"; };
		509DF48D20D4AC4E002E5123 /* EditorViewController.swift */ = {isa = PBXFileReference; lastKnownFileType = sourcecode.swift; path = EditorViewController.swift; sourceTree = "<group>"; };
		509DF48F20D4AC4E002E5123 /* Document.swift */ = {isa = PBXFileReference; lastKnownFileType = sourcecode.swift; path = Document.swift; sourceTree = "<group>"; };
		509DF49220D4AC4E002E5123 /* Base */ = {isa = PBXFileReference; lastKnownFileType = file.storyboard; name = Base; path = Base.lproj/DocumentBrowser.storyboard; sourceTree = "<group>"; };
		509DF49420D4AC50002E5123 /* Assets.xcassets */ = {isa = PBXFileReference; lastKnownFileType = folder.assetcatalog; path = Assets.xcassets; sourceTree = "<group>"; };
		509DF49720D4AC50002E5123 /* Base */ = {isa = PBXFileReference; lastKnownFileType = file.storyboard; name = Base; path = Base.lproj/LaunchScreen.storyboard; sourceTree = "<group>"; };
		509DF49920D4AC50002E5123 /* Info.plist */ = {isa = PBXFileReference; lastKnownFileType = text.plist.xml; path = Info.plist; sourceTree = "<group>"; };
		509DF49F20D4ECB7002E5123 /* Editor.storyboard */ = {isa = PBXFileReference; lastKnownFileType = file.storyboard; path = Editor.storyboard; sourceTree = "<group>"; };
		509DF4A620D508D3002E5123 /* Player.storyboard */ = {isa = PBXFileReference; lastKnownFileType = file.storyboard; path = Player.storyboard; sourceTree = "<group>"; };
		509DF4A820D508FB002E5123 /* PlayerViewController.swift */ = {isa = PBXFileReference; lastKnownFileType = sourcecode.swift; path = PlayerViewController.swift; sourceTree = "<group>"; };
		50B8CFD920D679EF001268F2 /* EditorSlideViewController.swift */ = {isa = PBXFileReference; lastKnownFileType = sourcecode.swift; path = EditorSlideViewController.swift; sourceTree = "<group>"; };
		50B8CFDB20D68316001268F2 /* EditorScenarioViewController.swift */ = {isa = PBXFileReference; lastKnownFileType = sourcecode.swift; path = EditorScenarioViewController.swift; sourceTree = "<group>"; };
		50E08D2C20F625A700017AC3 /* ControlPanelGroupView.swift */ = {isa = PBXFileReference; lastKnownFileType = sourcecode.swift; path = ControlPanelGroupView.swift; sourceTree = "<group>"; };
		50F2664A20D5320600E80C66 /* Scenario.swift */ = {isa = PBXFileReference; lastKnownFileType = sourcecode.swift; path = Scenario.swift; sourceTree = "<group>"; };
		50F2664C20D5541100E80C66 /* ScenarioPlayer.swift */ = {isa = PBXFileReference; lastKnownFileType = sourcecode.swift; path = ScenarioPlayer.swift; sourceTree = "<group>"; };
/* End PBXFileReference section */

/* Begin PBXFrameworksBuildPhase section */
		509DF48320D4AC4E002E5123 /* Frameworks */ = {
			isa = PBXFrameworksBuildPhase;
			buildActionMask = 2147483647;
			files = (
				506F4A7920DF423A00D3EF77 /* Eventitic.framework in Frameworks */,
			);
			runOnlyForDeploymentPostprocessing = 0;
		};
/* End PBXFrameworksBuildPhase section */

/* Begin PBXGroup section */
		501D648320E1187E00F79EF3 /* Image */ = {
			isa = PBXGroup;
			children = (
				50511BCF20F6349400CBF73C /* R+Image.swift */,
				501D648420E1189D00F79EF3 /* Image.xcassets */,
			);
			path = Image;
			sourceTree = "<group>";
		};
		502C6F8220E5DAF300BB6BC1 /* String */ = {
			isa = PBXGroup;
			children = (
				502C6F8320E5DB3B00BB6BC1 /* R+String.swift */,
				502C6F8B20E5DE9900BB6BC1 /* Localizable.strings */,
			);
			path = String;
			sourceTree = "<group>";
		};
		506F4A6520DB19B600D3EF77 /* Resource */ = {
			isa = PBXGroup;
			children = (
				506F4A6B20DB1A4700D3EF77 /* R.swift */,
				501D648320E1187E00F79EF3 /* Image */,
				506F4A6820DB1A0400D3EF77 /* RawData */,
				502C6F8220E5DAF300BB6BC1 /* String */,
			);
			path = Resource;
			sourceTree = "<group>";
		};
		506F4A6820DB1A0400D3EF77 /* RawData */ = {
			isa = PBXGroup;
			children = (
				506F4A6D20DB1A8500D3EF77 /* R+RawData.swift */,
				506F4A6920DB1A0400D3EF77 /* DefaultSlide.pdf */,
			);
			path = RawData;
			sourceTree = "<group>";
		};
		506F4A6F20DE267B00D3EF77 /* ControlPanel */ = {
			isa = PBXGroup;
			children = (
				506F4A7020DE26A300D3EF77 /* ControlPanel.storyboard */,
				50E08D2C20F625A700017AC3 /* ControlPanelGroupView.swift */,
				50571CC220F61F19000312AC /* ControlPanelSpeakButton.swift */,
				506F4A7220DE276300D3EF77 /* ControlPanelViewController.swift */,
			);
			path = ControlPanel;
			sourceTree = "<group>";
		};
		506F4A7720DF423A00D3EF77 /* Frameworks */ = {
			isa = PBXGroup;
			children = (
				506F4A7820DF423A00D3EF77 /* Eventitic.framework */,
			);
			name = Frameworks;
			sourceTree = "<group>";
		};
		509DF47D20D4AC4E002E5123 = {
			isa = PBXGroup;
			children = (
				509DF48820D4AC4E002E5123 /* MrHappyoI */,
				509DF48720D4AC4E002E5123 /* Products */,
				506F4A7720DF423A00D3EF77 /* Frameworks */,
			);
			sourceTree = "<group>";
		};
		509DF48720D4AC4E002E5123 /* Products */ = {
			isa = PBXGroup;
			children = (
				509DF48620D4AC4E002E5123 /* MrHappyoI.app */,
			);
			name = Products;
			sourceTree = "<group>";
		};
		509DF48820D4AC4E002E5123 /* MrHappyoI */ = {
			isa = PBXGroup;
			children = (
				509DF4A120D4FB11002E5123 /* View */,
				509DF4A220D4FB16002E5123 /* Model */,
				506F4A6520DB19B600D3EF77 /* Resource */,
				509DF48920D4AC4E002E5123 /* AppDelegate.swift */,
				5066F13F20EBA8FE00D9CE2B /* Log.swift */,
				509DF49420D4AC50002E5123 /* Assets.xcassets */,
				509DF49620D4AC50002E5123 /* LaunchScreen.storyboard */,
				509DF49920D4AC50002E5123 /* Info.plist */,
			);
			path = MrHappyoI;
			sourceTree = "<group>";
		};
		509DF4A120D4FB11002E5123 /* View */ = {
			isa = PBXGroup;
			children = (
				509DF4A320D4FB1E002E5123 /* Browser */,
				506F4A6F20DE267B00D3EF77 /* ControlPanel */,
				509DF4A420D4FB23002E5123 /* Editor */,
				509DF4A520D508B0002E5123 /* Player */,
			);
			path = View;
			sourceTree = "<group>";
		};
		509DF4A220D4FB16002E5123 /* Model */ = {
			isa = PBXGroup;
			children = (
				509DF48F20D4AC4E002E5123 /* Document.swift */,
				50F2664A20D5320600E80C66 /* Scenario.swift */,
			);
			path = Model;
			sourceTree = "<group>";
		};
		509DF4A320D4FB1E002E5123 /* Browser */ = {
			isa = PBXGroup;
			children = (
				509DF49120D4AC4E002E5123 /* DocumentBrowser.storyboard */,
				509DF48B20D4AC4E002E5123 /* DocumentBrowserViewController.swift */,
			);
			path = Browser;
			sourceTree = "<group>";
		};
		509DF4A420D4FB23002E5123 /* Editor */ = {
			isa = PBXGroup;
			children = (
				509DF49F20D4ECB7002E5123 /* Editor.storyboard */,
				509DF48D20D4AC4E002E5123 /* EditorViewController.swift */,
				50B8CFD920D679EF001268F2 /* EditorSlideViewController.swift */,
				50B8CFDB20D68316001268F2 /* EditorScenarioViewController.swift */,
			);
			path = Editor;
			sourceTree = "<group>";
		};
		509DF4A520D508B0002E5123 /* Player */ = {
			isa = PBXGroup;
			children = (
				509DF4A620D508D3002E5123 /* Player.storyboard */,
				509DF4A820D508FB002E5123 /* PlayerViewController.swift */,
				50F2664C20D5541100E80C66 /* ScenarioPlayer.swift */,
			);
			path = Player;
			sourceTree = "<group>";
		};
/* End PBXGroup section */

/* Begin PBXNativeTarget section */
		509DF48520D4AC4E002E5123 /* MrHappyoI */ = {
			isa = PBXNativeTarget;
			buildConfigurationList = 509DF49C20D4AC50002E5123 /* Build configuration list for PBXNativeTarget "MrHappyoI" */;
			buildPhases = (
				509DF48220D4AC4E002E5123 /* Sources */,
				509DF48320D4AC4E002E5123 /* Frameworks */,
				509DF48420D4AC4E002E5123 /* Resources */,
				506F4A7A20DF425300D3EF77 /* Carthage Copy Frameworks */,
			);
			buildRules = (
			);
			dependencies = (
			);
			name = MrHappyoI;
			productName = MrHappyoI;
			productReference = 509DF48620D4AC4E002E5123 /* MrHappyoI.app */;
			productType = "com.apple.product-type.application";
		};
/* End PBXNativeTarget section */

/* Begin PBXProject section */
		509DF47E20D4AC4E002E5123 /* Project object */ = {
			isa = PBXProject;
			attributes = {
				LastSwiftUpdateCheck = 0940;
				LastUpgradeCheck = 0940;
				ORGANIZATIONNAME = Hironytic;
				TargetAttributes = {
					509DF48520D4AC4E002E5123 = {
						CreatedOnToolsVersion = 9.4;
					};
				};
			};
			buildConfigurationList = 509DF48120D4AC4E002E5123 /* Build configuration list for PBXProject "MrHappyoI" */;
			compatibilityVersion = "Xcode 9.3";
			developmentRegion = ja;
			hasScannedForEncodings = 0;
			knownRegions = (
				Base,
			);
			mainGroup = 509DF47D20D4AC4E002E5123;
			productRefGroup = 509DF48720D4AC4E002E5123 /* Products */;
			projectDirPath = "";
			projectRoot = "";
			targets = (
				509DF48520D4AC4E002E5123 /* MrHappyoI */,
			);
		};
/* End PBXProject section */

/* Begin PBXResourcesBuildPhase section */
		509DF48420D4AC4E002E5123 /* Resources */ = {
			isa = PBXResourcesBuildPhase;
			buildActionMask = 2147483647;
			files = (
				509DF49820D4AC50002E5123 /* LaunchScreen.storyboard in Resources */,
				509DF49520D4AC50002E5123 /* Assets.xcassets in Resources */,
				509DF4A720D508D3002E5123 /* Player.storyboard in Resources */,
				509DF49320D4AC4E002E5123 /* DocumentBrowser.storyboard in Resources */,
				502C6F8920E5DE9900BB6BC1 /* Localizable.strings in Resources */,
				506F4A6A20DB1A0400D3EF77 /* DefaultSlide.pdf in Resources */,
				501D648520E1189D00F79EF3 /* Image.xcassets in Resources */,
				509DF4A020D4ECB7002E5123 /* Editor.storyboard in Resources */,
				506F4A7120DE26A300D3EF77 /* ControlPanel.storyboard in Resources */,
			);
			runOnlyForDeploymentPostprocessing = 0;
		};
/* End PBXResourcesBuildPhase section */

/* Begin PBXShellScriptBuildPhase section */
		506F4A7A20DF425300D3EF77 /* Carthage Copy Frameworks */ = {
			isa = PBXShellScriptBuildPhase;
			buildActionMask = 2147483647;
			files = (
			);
			inputPaths = (
				"$(SRCROOT)/Carthage/Build/iOS/Eventitic.framework",
			);
			name = "Carthage Copy Frameworks";
			outputPaths = (
				"$(BUILT_PRODUCTS_DIR)/$(FRAMEWORKS_FOLDER_PATH)/Eventitic.framework",
			);
			runOnlyForDeploymentPostprocessing = 0;
			shellPath = /bin/sh;
			shellScript = "/usr/local/bin/carthage copy-frameworks";
		};
/* End PBXShellScriptBuildPhase section */

/* Begin PBXSourcesBuildPhase section */
		509DF48220D4AC4E002E5123 /* Sources */ = {
			isa = PBXSourcesBuildPhase;
			buildActionMask = 2147483647;
			files = (
				506F4A6E20DB1A8500D3EF77 /* R+RawData.swift in Sources */,
				509DF49020D4AC4E002E5123 /* Document.swift in Sources */,
				50571CC320F61F19000312AC /* ControlPanelSpeakButton.swift in Sources */,
				506F4A7320DE276300D3EF77 /* ControlPanelViewController.swift in Sources */,
				50B8CFDA20D679EF001268F2 /* EditorSlideViewController.swift in Sources */,
				509DF48E20D4AC4E002E5123 /* EditorViewController.swift in Sources */,
				50F2664D20D5541100E80C66 /* ScenarioPlayer.swift in Sources */,
				509DF48C20D4AC4E002E5123 /* DocumentBrowserViewController.swift in Sources */,
				50F2664B20D5320600E80C66 /* Scenario.swift in Sources */,
				5066F14020EBA8FE00D9CE2B /* Log.swift in Sources */,
				502C6F8420E5DB3B00BB6BC1 /* R+String.swift in Sources */,
				50B8CFDC20D68316001268F2 /* EditorScenarioViewController.swift in Sources */,
				509DF48A20D4AC4E002E5123 /* AppDelegate.swift in Sources */,
				506F4A6C20DB1A4700D3EF77 /* R.swift in Sources */,
				509DF4A920D508FB002E5123 /* PlayerViewController.swift in Sources */,
				50E08D2D20F625A700017AC3 /* ControlPanelGroupView.swift in Sources */,
				50511BD020F6349400CBF73C /* R+Image.swift in Sources */,
			);
			runOnlyForDeploymentPostprocessing = 0;
		};
/* End PBXSourcesBuildPhase section */

/* Begin PBXVariantGroup section */
		502C6F8B20E5DE9900BB6BC1 /* Localizable.strings */ = {
			isa = PBXVariantGroup;
			children = (
				502C6F8A20E5DE9900BB6BC1 /* ja */,
			);
			name = Localizable.strings;
			sourceTree = "<group>";
		};
		509DF49120D4AC4E002E5123 /* DocumentBrowser.storyboard */ = {
			isa = PBXVariantGroup;
			children = (
				509DF49220D4AC4E002E5123 /* Base */,
				502C6F8520E5DBDA00BB6BC1 /* ja */,
			);
			name = DocumentBrowser.storyboard;
			sourceTree = "<group>";
		};
		509DF49620D4AC50002E5123 /* LaunchScreen.storyboard */ = {
			isa = PBXVariantGroup;
			children = (
				509DF49720D4AC50002E5123 /* Base */,
				502C6F8620E5DBDA00BB6BC1 /* ja */,
			);
			name = LaunchScreen.storyboard;
			sourceTree = "<group>";
		};
/* End PBXVariantGroup section */

/* Begin XCBuildConfiguration section */
		509DF49A20D4AC50002E5123 /* Debug */ = {
			isa = XCBuildConfiguration;
			buildSettings = {
				ALWAYS_SEARCH_USER_PATHS = NO;
				CLANG_ANALYZER_LOCALIZABILITY_NONLOCALIZED = YES;
				CLANG_ANALYZER_NONNULL = YES;
				CLANG_ANALYZER_NUMBER_OBJECT_CONVERSION = YES_AGGRESSIVE;
				CLANG_CXX_LANGUAGE_STANDARD = "gnu++14";
				CLANG_CXX_LIBRARY = "libc++";
				CLANG_ENABLE_MODULES = YES;
				CLANG_ENABLE_OBJC_ARC = YES;
				CLANG_ENABLE_OBJC_WEAK = YES;
				CLANG_WARN_BLOCK_CAPTURE_AUTORELEASING = YES;
				CLANG_WARN_BOOL_CONVERSION = YES;
				CLANG_WARN_COMMA = YES;
				CLANG_WARN_CONSTANT_CONVERSION = YES;
				CLANG_WARN_DEPRECATED_OBJC_IMPLEMENTATIONS = YES;
				CLANG_WARN_DIRECT_OBJC_ISA_USAGE = YES_ERROR;
				CLANG_WARN_DOCUMENTATION_COMMENTS = YES;
				CLANG_WARN_EMPTY_BODY = YES;
				CLANG_WARN_ENUM_CONVERSION = YES;
				CLANG_WARN_INFINITE_RECURSION = YES;
				CLANG_WARN_INT_CONVERSION = YES;
				CLANG_WARN_NON_LITERAL_NULL_CONVERSION = YES;
				CLANG_WARN_OBJC_IMPLICIT_RETAIN_SELF = YES;
				CLANG_WARN_OBJC_LITERAL_CONVERSION = YES;
				CLANG_WARN_OBJC_ROOT_CLASS = YES_ERROR;
				CLANG_WARN_RANGE_LOOP_ANALYSIS = YES;
				CLANG_WARN_STRICT_PROTOTYPES = YES;
				CLANG_WARN_SUSPICIOUS_MOVE = YES;
				CLANG_WARN_UNGUARDED_AVAILABILITY = YES_AGGRESSIVE;
				CLANG_WARN_UNREACHABLE_CODE = YES;
				CLANG_WARN__DUPLICATE_METHOD_MATCH = YES;
				CODE_SIGN_IDENTITY = "iPhone Developer";
				COPY_PHASE_STRIP = NO;
				DEBUG_INFORMATION_FORMAT = dwarf;
				ENABLE_STRICT_OBJC_MSGSEND = YES;
				ENABLE_TESTABILITY = YES;
				GCC_C_LANGUAGE_STANDARD = gnu11;
				GCC_DYNAMIC_NO_PIC = NO;
				GCC_NO_COMMON_BLOCKS = YES;
				GCC_OPTIMIZATION_LEVEL = 0;
				GCC_PREPROCESSOR_DEFINITIONS = (
					"DEBUG=1",
					"$(inherited)",
				);
				GCC_WARN_64_TO_32_BIT_CONVERSION = YES;
				GCC_WARN_ABOUT_RETURN_TYPE = YES_ERROR;
				GCC_WARN_UNDECLARED_SELECTOR = YES;
				GCC_WARN_UNINITIALIZED_AUTOS = YES_AGGRESSIVE;
				GCC_WARN_UNUSED_FUNCTION = YES;
				GCC_WARN_UNUSED_VARIABLE = YES;
				IPHONEOS_DEPLOYMENT_TARGET = 11.4;
				MTL_ENABLE_DEBUG_INFO = YES;
				ONLY_ACTIVE_ARCH = YES;
				SDKROOT = iphoneos;
				SWIFT_ACTIVE_COMPILATION_CONDITIONS = DEBUG;
				SWIFT_OPTIMIZATION_LEVEL = "-Onone";
			};
			name = Debug;
		};
		509DF49B20D4AC50002E5123 /* Release */ = {
			isa = XCBuildConfiguration;
			buildSettings = {
				ALWAYS_SEARCH_USER_PATHS = NO;
				CLANG_ANALYZER_LOCALIZABILITY_NONLOCALIZED = YES;
				CLANG_ANALYZER_NONNULL = YES;
				CLANG_ANALYZER_NUMBER_OBJECT_CONVERSION = YES_AGGRESSIVE;
				CLANG_CXX_LANGUAGE_STANDARD = "gnu++14";
				CLANG_CXX_LIBRARY = "libc++";
				CLANG_ENABLE_MODULES = YES;
				CLANG_ENABLE_OBJC_ARC = YES;
				CLANG_ENABLE_OBJC_WEAK = YES;
				CLANG_WARN_BLOCK_CAPTURE_AUTORELEASING = YES;
				CLANG_WARN_BOOL_CONVERSION = YES;
				CLANG_WARN_COMMA = YES;
				CLANG_WARN_CONSTANT_CONVERSION = YES;
				CLANG_WARN_DEPRECATED_OBJC_IMPLEMENTATIONS = YES;
				CLANG_WARN_DIRECT_OBJC_ISA_USAGE = YES_ERROR;
				CLANG_WARN_DOCUMENTATION_COMMENTS = YES;
				CLANG_WARN_EMPTY_BODY = YES;
				CLANG_WARN_ENUM_CONVERSION = YES;
				CLANG_WARN_INFINITE_RECURSION = YES;
				CLANG_WARN_INT_CONVERSION = YES;
				CLANG_WARN_NON_LITERAL_NULL_CONVERSION = YES;
				CLANG_WARN_OBJC_IMPLICIT_RETAIN_SELF = YES;
				CLANG_WARN_OBJC_LITERAL_CONVERSION = YES;
				CLANG_WARN_OBJC_ROOT_CLASS = YES_ERROR;
				CLANG_WARN_RANGE_LOOP_ANALYSIS = YES;
				CLANG_WARN_STRICT_PROTOTYPES = YES;
				CLANG_WARN_SUSPICIOUS_MOVE = YES;
				CLANG_WARN_UNGUARDED_AVAILABILITY = YES_AGGRESSIVE;
				CLANG_WARN_UNREACHABLE_CODE = YES;
				CLANG_WARN__DUPLICATE_METHOD_MATCH = YES;
				CODE_SIGN_IDENTITY = "iPhone Developer";
				COPY_PHASE_STRIP = NO;
				DEBUG_INFORMATION_FORMAT = "dwarf-with-dsym";
				ENABLE_NS_ASSERTIONS = NO;
				ENABLE_STRICT_OBJC_MSGSEND = YES;
				GCC_C_LANGUAGE_STANDARD = gnu11;
				GCC_NO_COMMON_BLOCKS = YES;
				GCC_WARN_64_TO_32_BIT_CONVERSION = YES;
				GCC_WARN_ABOUT_RETURN_TYPE = YES_ERROR;
				GCC_WARN_UNDECLARED_SELECTOR = YES;
				GCC_WARN_UNINITIALIZED_AUTOS = YES_AGGRESSIVE;
				GCC_WARN_UNUSED_FUNCTION = YES;
				GCC_WARN_UNUSED_VARIABLE = YES;
				IPHONEOS_DEPLOYMENT_TARGET = 11.4;
				MTL_ENABLE_DEBUG_INFO = NO;
				SDKROOT = iphoneos;
				SWIFT_COMPILATION_MODE = wholemodule;
				SWIFT_OPTIMIZATION_LEVEL = "-O";
				VALIDATE_PRODUCT = YES;
			};
			name = Release;
		};
		509DF49D20D4AC50002E5123 /* Debug */ = {
			isa = XCBuildConfiguration;
			buildSettings = {
				ASSETCATALOG_COMPILER_APPICON_NAME = AppIcon;
				CODE_SIGN_STYLE = Automatic;
				DEVELOPMENT_TEAM = EPZSBGGQZS;
				FRAMEWORK_SEARCH_PATHS = (
					"$(inherited)",
					"$(PROJECT_DIR)/Carthage/Build/iOS",
				);
				INFOPLIST_FILE = MrHappyoI/Info.plist;
				LD_RUNPATH_SEARCH_PATHS = (
					"$(inherited)",
					"@executable_path/Frameworks",
				);
				PRODUCT_BUNDLE_IDENTIFIER = com.hironytic.MrHappyoI;
				PRODUCT_NAME = "$(TARGET_NAME)";
				SWIFT_VERSION = 4.0;
				TARGETED_DEVICE_FAMILY = "1,2";
			};
			name = Debug;
		};
		509DF49E20D4AC50002E5123 /* Release */ = {
			isa = XCBuildConfiguration;
			buildSettings = {
				ASSETCATALOG_COMPILER_APPICON_NAME = AppIcon;
				CODE_SIGN_STYLE = Automatic;
				DEVELOPMENT_TEAM = EPZSBGGQZS;
				FRAMEWORK_SEARCH_PATHS = (
					"$(inherited)",
					"$(PROJECT_DIR)/Carthage/Build/iOS",
				);
				INFOPLIST_FILE = MrHappyoI/Info.plist;
				LD_RUNPATH_SEARCH_PATHS = (
					"$(inherited)",
					"@executable_path/Frameworks",
				);
				PRODUCT_BUNDLE_IDENTIFIER = com.hironytic.MrHappyoI;
				PRODUCT_NAME = "$(TARGET_NAME)";
				SWIFT_VERSION = 4.0;
				TARGETED_DEVICE_FAMILY = "1,2";
			};
			name = Release;
		};
/* End XCBuildConfiguration section */

/* Begin XCConfigurationList section */
		509DF48120D4AC4E002E5123 /* Build configuration list for PBXProject "MrHappyoI" */ = {
			isa = XCConfigurationList;
			buildConfigurations = (
				509DF49A20D4AC50002E5123 /* Debug */,
				509DF49B20D4AC50002E5123 /* Release */,
			);
			defaultConfigurationIsVisible = 0;
			defaultConfigurationName = Release;
		};
		509DF49C20D4AC50002E5123 /* Build configuration list for PBXNativeTarget "MrHappyoI" */ = {
			isa = XCConfigurationList;
			buildConfigurations = (
				509DF49D20D4AC50002E5123 /* Debug */,
				509DF49E20D4AC50002E5123 /* Release */,
			);
			defaultConfigurationIsVisible = 0;
			defaultConfigurationName = Release;
		};
/* End XCConfigurationList section */
	};
	rootObject = 509DF47E20D4AC4E002E5123 /* Project object */;
}
